
Microsoft Visual Studio Solution File, Format Version 11.00
# Visual Studio 2010
Project("{FAE04EC0-301F-11D3-BF4B-00C04F79EFBC}") = "CommonScripts", "CommonScripts.csproj", "{a5032e74-4857-f487-ebdb-61dafa7325f0}"
EndProject
Project("{FAE04EC0-301F-11D3-BF4B-00C04F79EFBC}") = "Assembly-CSharp", "Assembly-CSharp.csproj", "{b28fb5b2-6244-0c6b-a872-40dd957e5fe0}"
EndProject
Project("{FAE04EC0-301F-11D3-BF4B-00C04F79EFBC}") = "VFXCore", "VFXCore.csproj", "{17ebaa5b-5e9c-a1ee-69d9-c21ccd8f19cf}"
EndProject
Project("{FAE04EC0-301F-11D3-BF4B-00C04F79EFBC}") = "VuforiaVersionCheckerScripts", "VuforiaVersionCheckerScripts.csproj", "{fa2dc868-3f8a-013a-4472-73c542765db6}"
EndProject
Project("{FAE04EC0-301F-11D3-BF4B-00C04F79EFBC}") = "CommonEditor", "CommonEditor.csproj", "{b442afda-32df-eb09-5a70-c9dd5fd31ef5}"
EndProject
Project("{FAE04EC0-301F-11D3-BF4B-00C04F79EFBC}") = "VFXCoreEditor", "VFXCoreEditor.csproj", "{d2ef158a-0888-4685-3b6d-6326db83a1e6}"
EndProject
Project("{FAE04EC0-301F-11D3-BF4B-00C04F79EFBC}") = "Assembly-CSharp-Editor", "Assembly-CSharp-Editor.csproj", "{da69075a-da25-8da6-ba58-6ed404cb536b}"
EndProject
Global
	GlobalSection(SolutionConfigurationPlatforms) = preSolution
		Debug|Any CPU = Debug|Any CPU
	EndGlobalSection
	GlobalSection(ProjectConfigurationPlatforms) = postSolution
		{a5032e74-4857-f487-ebdb-61dafa7325f0}.Debug|Any CPU.ActiveCfg = Debug|Any CPU
		{a5032e74-4857-f487-ebdb-61dafa7325f0}.Debug|Any CPU.Build.0 = Debug|Any CPU
		{b28fb5b2-6244-0c6b-a872-40dd957e5fe0}.Debug|Any CPU.ActiveCfg = Debug|Any CPU
		{b28fb5b2-6244-0c6b-a872-40dd957e5fe0}.Debug|Any CPU.Build.0 = Debug|Any CPU
		{17ebaa5b-5e9c-a1ee-69d9-c21ccd8f19cf}.Debug|Any CPU.ActiveCfg = Debug|Any CPU
		{17ebaa5b-5e9c-a1ee-69d9-c21ccd8f19cf}.Debug|Any CPU.Build.0 = Debug|Any CPU
		{fa2dc868-3f8a-013a-4472-73c542765db6}.Debug|Any CPU.ActiveCfg = Debug|Any CPU
		{fa2dc868-3f8a-013a-4472-73c542765db6}.Debug|Any CPU.Build.0 = Debug|Any CPU
		{b442afda-32df-eb09-5a70-c9dd5fd31ef5}.Debug|Any CPU.ActiveCfg = Debug|Any CPU
		{b442afda-32df-eb09-5a70-c9dd5fd31ef5}.Debug|Any CPU.Build.0 = Debug|Any CPU
		{d2ef158a-0888-4685-3b6d-6326db83a1e6}.Debug|Any CPU.ActiveCfg = Debug|Any CPU
		{d2ef158a-0888-4685-3b6d-6326db83a1e6}.Debug|Any CPU.Build.0 = Debug|Any CPU
		{da69075a-da25-8da6-ba58-6ed404cb536b}.Debug|Any CPU.ActiveCfg = Debug|Any CPU
		{da69075a-da25-8da6-ba58-6ed404cb536b}.Debug|Any CPU.Build.0 = Debug|Any CPU
	EndGlobalSection
	GlobalSection(SolutionProperties) = preSolution
		HideSolutionNode = FALSE
	EndGlobalSection
EndGlobal
